
Microsoft Visual Studio Solution File, Format Version 12.00
# Visual Studio Version 17
VisualStudioVersion = 17.3.32804.467
MinimumVisualStudioVersion = 10.0.40219.1
Project("{FAE04EC0-301F-11D3-BF4B-00C04F79EFBC}") = "Practice0817", "Practice0817\Practice0817.csproj", "{8F6B50CD-08D0-4541-BE80-2C8C8550D101}"
EndProject
Global
	GlobalSection(SolutionConfigurationPlatforms) = preSolution
		Debug|Any CPU = Debug|Any CPU
		Release|Any CPU = Release|Any CPU
	EndGlobalSection
	GlobalSection(ProjectConfigurationPlatforms) = postSolution
		{8F6B50CD-08D0-4541-BE80-2C8C8550D101}.Debug|Any CPU.ActiveCfg = Debug|Any CPU
		{8F6B50CD-08D0-4541-BE80-2C8C8550D101}.Debug|Any CPU.Build.0 = Debug|Any CPU
		{8F6B50CD-08D0-4541-BE80-2C8C8550D101}.Release|Any CPU.ActiveCfg = Release|Any CPU
		{8F6B50CD-08D0-4541-BE80-2C8C8550D101}.Release|Any CPU.Build.0 = Release|Any CPU
	EndGlobalSection
	GlobalSection(SolutionProperties) = preSolution
		HideSolutionNode = FALSE
	EndGlobalSection
	GlobalSection(ExtensibilityGlobals) = postSolution
		SolutionGuid = {ACD7303F-5F41-4DEF-B8B5-366E2C9743CF}
	EndGlobalSection
EndGlobal
